
Microsoft Visual Studio Solution File, Format Version 12.00
Project("{FAE04EC0-301F-11D3-BF4B-00C04F79EFBC}") = "MPP_lab5", "MPP_lab5\MPP_lab5.csproj", "{4BFBBC7C-07AD-4259-89CC-B3077D39FD89}"
EndProject
Global
	GlobalSection(SolutionConfigurationPlatforms) = preSolution
		Debug|Any CPU = Debug|Any CPU
		Release|Any CPU = Release|Any CPU
	EndGlobalSection
	GlobalSection(ProjectConfigurationPlatforms) = postSolution
		{4BFBBC7C-07AD-4259-89CC-B3077D39FD89}.Debug|Any CPU.ActiveCfg = Debug|Any CPU
		{4BFBBC7C-07AD-4259-89CC-B3077D39FD89}.Debug|Any CPU.Build.0 = Debug|Any CPU
		{4BFBBC7C-07AD-4259-89CC-B3077D39FD89}.Release|Any CPU.ActiveCfg = Release|Any CPU
		{4BFBBC7C-07AD-4259-89CC-B3077D39FD89}.Release|Any CPU.Build.0 = Release|Any CPU
	EndGlobalSection
EndGlobal
