
Microsoft Visual Studio Solution File, Format Version 12.00
Project("{FAE04EC0-301F-11D3-BF4B-00C04F79EFBC}") = "MPP_lab6", "MPP_lab6\MPP_lab6.csproj", "{3256DFE8-0A20-43D0-AFFF-E4964CDF41E8}"
EndProject
Global
	GlobalSection(SolutionConfigurationPlatforms) = preSolution
		Debug|Any CPU = Debug|Any CPU
		Release|Any CPU = Release|Any CPU
	EndGlobalSection
	GlobalSection(ProjectConfigurationPlatforms) = postSolution
		{3256DFE8-0A20-43D0-AFFF-E4964CDF41E8}.Debug|Any CPU.ActiveCfg = Debug|Any CPU
		{3256DFE8-0A20-43D0-AFFF-E4964CDF41E8}.Debug|Any CPU.Build.0 = Debug|Any CPU
		{3256DFE8-0A20-43D0-AFFF-E4964CDF41E8}.Release|Any CPU.ActiveCfg = Release|Any CPU
		{3256DFE8-0A20-43D0-AFFF-E4964CDF41E8}.Release|Any CPU.Build.0 = Release|Any CPU
	EndGlobalSection
EndGlobal
